
Microsoft Visual Studio Solution File, Format Version 12.00
# Visual Studio Version 17
VisualStudioVersion = 17.4.33403.182
MinimumVisualStudioVersion = 10.0.40219.1
Project("{9A19103F-16F7-4668-BE54-9A1E7A4F7556}") = "SupermarketWEB", "SupermarketWEB.csproj", "{B17D9BF4-4DFB-4882-AC68-5787E9FE2A0A}"
EndProject
Global
	GlobalSection(SolutionConfigurationPlatforms) = preSolution
		Debug|Any CPU = Debug|Any CPU
		Release|Any CPU = Release|Any CPU
	EndGlobalSection
	GlobalSection(ProjectConfigurationPlatforms) = postSolution
		{B17D9BF4-4DFB-4882-AC68-5787E9FE2A0A}.Debug|Any CPU.ActiveCfg = Debug|Any CPU
		{B17D9BF4-4DFB-4882-AC68-5787E9FE2A0A}.Debug|Any CPU.Build.0 = Debug|Any CPU
		{B17D9BF4-4DFB-4882-AC68-5787E9FE2A0A}.Release|Any CPU.ActiveCfg = Release|Any CPU
		{B17D9BF4-4DFB-4882-AC68-5787E9FE2A0A}.Release|Any CPU.Build.0 = Release|Any CPU
	EndGlobalSection
	GlobalSection(SolutionProperties) = preSolution
		HideSolutionNode = FALSE
	EndGlobalSection
	GlobalSection(ExtensibilityGlobals) = postSolution
		SolutionGuid = {3B79A9CD-DF44-45F0-AF7E-7C418A6D9FC4}
	EndGlobalSection
EndGlobal
